
Microsoft Visual Studio Solution File, Format Version 12.00
# Visual Studio 15
VisualStudioVersion = 15.0.27703.2035
MinimumVisualStudioVersion = 10.0.40219.1
Project("{FAE04EC0-301F-11D3-BF4B-00C04F79EFBC}") = "ScreenTest1", "ScreenTest1\ScreenTest1.csproj", "{9DAE9055-523E-4231-B0B0-92F09CEA875D}"
EndProject
Project("{FAE04EC0-301F-11D3-BF4B-00C04F79EFBC}") = "ClassLibrary1", "ClassLibrary1\ClassLibrary1.csproj", "{21ADAB26-E7F7-46CC-B76A-78D1F8FD12FA}"
EndProject
Global
	GlobalSection(SolutionConfigurationPlatforms) = preSolution
		Debug|Any CPU = Debug|Any CPU
		Debug|ARM = Debug|ARM
		Debug|x64 = Debug|x64
		Debug|x86 = Debug|x86
		Release|Any CPU = Release|Any CPU
		Release|ARM = Release|ARM
		Release|x64 = Release|x64
		Release|x86 = Release|x86
	EndGlobalSection
	GlobalSection(ProjectConfigurationPlatforms) = postSolution
		{9DAE9055-523E-4231-B0B0-92F09CEA875D}.Debug|Any CPU.ActiveCfg = Debug|x86
		{9DAE9055-523E-4231-B0B0-92F09CEA875D}.Debug|ARM.ActiveCfg = Debug|ARM
		{9DAE9055-523E-4231-B0B0-92F09CEA875D}.Debug|ARM.Build.0 = Debug|ARM
		{9DAE9055-523E-4231-B0B0-92F09CEA875D}.Debug|ARM.Deploy.0 = Debug|ARM
		{9DAE9055-523E-4231-B0B0-92F09CEA875D}.Debug|x64.ActiveCfg = Debug|x64
		{9DAE9055-523E-4231-B0B0-92F09CEA875D}.Debug|x64.Build.0 = Debug|x64
		{9DAE9055-523E-4231-B0B0-92F09CEA875D}.Debug|x64.Deploy.0 = Debug|x64
		{9DAE9055-523E-4231-B0B0-92F09CEA875D}.Debug|x86.ActiveCfg = Debug|x86
		{9DAE9055-523E-4231-B0B0-92F09CEA875D}.Debug|x86.Build.0 = Debug|x86
		{9DAE9055-523E-4231-B0B0-92F09CEA875D}.Debug|x86.Deploy.0 = Debug|x86
		{9DAE9055-523E-4231-B0B0-92F09CEA875D}.Release|Any CPU.ActiveCfg = Release|x86
		{9DAE9055-523E-4231-B0B0-92F09CEA875D}.Release|ARM.ActiveCfg = Release|ARM
		{9DAE9055-523E-4231-B0B0-92F09CEA875D}.Release|ARM.Build.0 = Release|ARM
		{9DAE9055-523E-4231-B0B0-92F09CEA875D}.Release|ARM.Deploy.0 = Release|ARM
		{9DAE9055-523E-4231-B0B0-92F09CEA875D}.Release|x64.ActiveCfg = Release|x64
		{9DAE9055-523E-4231-B0B0-92F09CEA875D}.Release|x64.Build.0 = Release|x64
		{9DAE9055-523E-4231-B0B0-92F09CEA875D}.Release|x64.Deploy.0 = Release|x64
		{9DAE9055-523E-4231-B0B0-92F09CEA875D}.Release|x86.ActiveCfg = Release|x86
		{9DAE9055-523E-4231-B0B0-92F09CEA875D}.Release|x86.Build.0 = Release|x86
		{9DAE9055-523E-4231-B0B0-92F09CEA875D}.Release|x86.Deploy.0 = Release|x86
		{21ADAB26-E7F7-46CC-B76A-78D1F8FD12FA}.Debug|Any CPU.ActiveCfg = Debug|Any CPU
		{21ADAB26-E7F7-46CC-B76A-78D1F8FD12FA}.Debug|Any CPU.Build.0 = Debug|Any CPU
		{21ADAB26-E7F7-46CC-B76A-78D1F8FD12FA}.Debug|ARM.ActiveCfg = Debug|ARM
		{21ADAB26-E7F7-46CC-B76A-78D1F8FD12FA}.Debug|ARM.Build.0 = Debug|ARM
		{21ADAB26-E7F7-46CC-B76A-78D1F8FD12FA}.Debug|x64.ActiveCfg = Debug|x64
		{21ADAB26-E7F7-46CC-B76A-78D1F8FD12FA}.Debug|x64.Build.0 = Debug|x64
		{21ADAB26-E7F7-46CC-B76A-78D1F8FD12FA}.Debug|x86.ActiveCfg = Debug|x86
		{21ADAB26-E7F7-46CC-B76A-78D1F8FD12FA}.Debug|x86.Build.0 = Debug|x86
		{21ADAB26-E7F7-46CC-B76A-78D1F8FD12FA}.Release|Any CPU.ActiveCfg = Release|Any CPU
		{21ADAB26-E7F7-46CC-B76A-78D1F8FD12FA}.Release|Any CPU.Build.0 = Release|Any CPU
		{21ADAB26-E7F7-46CC-B76A-78D1F8FD12FA}.Release|ARM.ActiveCfg = Release|ARM
		{21ADAB26-E7F7-46CC-B76A-78D1F8FD12FA}.Release|ARM.Build.0 = Release|ARM
		{21ADAB26-E7F7-46CC-B76A-78D1F8FD12FA}.Release|x64.ActiveCfg = Release|x64
		{21ADAB26-E7F7-46CC-B76A-78D1F8FD12FA}.Release|x64.Build.0 = Release|x64
		{21ADAB26-E7F7-46CC-B76A-78D1F8FD12FA}.Release|x86.ActiveCfg = Release|x86
		{21ADAB26-E7F7-46CC-B76A-78D1F8FD12FA}.Release|x86.Build.0 = Release|x86
	EndGlobalSection
	GlobalSection(SolutionProperties) = preSolution
		HideSolutionNode = FALSE
	EndGlobalSection
	GlobalSection(ExtensibilityGlobals) = postSolution
		SolutionGuid = {E1149D5B-7207-4867-9F21-85E3327AFEBD}
	EndGlobalSection
EndGlobal
